
Microsoft Visual Studio Solution File, Format Version 12.00
# Visual Studio 15
VisualStudioVersion = 15.0.28010.2048
MinimumVisualStudioVersion = 10.0.40219.1
Project("{FAE04EC0-301F-11D3-BF4B-00C04F79EFBC}") = "Projekt_Toni_Tomac", "Projekt_Toni_Tomac\Projekt_Toni_Tomac.csproj", "{21DD6805-3768-4854-BDA7-2938D58469BA}"
EndProject
Global
	GlobalSection(SolutionConfigurationPlatforms) = preSolution
		Debug|Any CPU = Debug|Any CPU
		Release|Any CPU = Release|Any CPU
	EndGlobalSection
	GlobalSection(ProjectConfigurationPlatforms) = postSolution
		{21DD6805-3768-4854-BDA7-2938D58469BA}.Debug|Any CPU.ActiveCfg = Debug|Any CPU
		{21DD6805-3768-4854-BDA7-2938D58469BA}.Debug|Any CPU.Build.0 = Debug|Any CPU
		{21DD6805-3768-4854-BDA7-2938D58469BA}.Release|Any CPU.ActiveCfg = Release|Any CPU
		{21DD6805-3768-4854-BDA7-2938D58469BA}.Release|Any CPU.Build.0 = Release|Any CPU
	EndGlobalSection
	GlobalSection(SolutionProperties) = preSolution
		HideSolutionNode = FALSE
	EndGlobalSection
	GlobalSection(ExtensibilityGlobals) = postSolution
		SolutionGuid = {D0798EF7-2D75-48C1-8710-1388E15918FE}
	EndGlobalSection
EndGlobal
